// !$*UTF8*$!
{
	archiveVersion = 1;
	classes = {
	};
	objectVersion = 46;
	objects = {

/* Begin PBXBuildFile section */
		D320FE741A7E703B00C5E7D1 /* OptionsWindowController.swift in Sources */ = {isa = PBXBuildFile; fileRef = D320FE721A7E703B00C5E7D1 /* OptionsWindowController.swift */; };
		D320FE751A7E703B00C5E7D1 /* OptionsWindowController.xib in Resources */ = {isa = PBXBuildFile; fileRef = D320FE731A7E703B00C5E7D1 /* OptionsWindowController.xib */; };
		D334C6C41A80F4E600726130 /* PhotoOperations.swift in Sources */ = {isa = PBXBuildFile; fileRef = D334C6C31A80F4E600726130 /* PhotoOperations.swift */; };
		D334C6C61A811E6300726130 /* NSImage_saveAsJpegWithName.swift in Sources */ = {isa = PBXBuildFile; fileRef = D334C6C51A811E6300726130 /* NSImage_saveAsJpegWithName.swift */; };
		D33626D71A7FB56900DAA51C /* Swift-MD5.swift in Sources */ = {isa = PBXBuildFile; fileRef = D33626D61A7FB56900DAA51C /* Swift-MD5.swift */; };
		D369F09A1A84E21F00FC00FE /* debug.swift in Sources */ = {isa = PBXBuildFile; fileRef = D369F0991A84E21F00FC00FE /* debug.swift */; };
		D39484821A7F6981006E84FD /* NSMutableArray_Shiffle.swift in Sources */ = {isa = PBXBuildFile; fileRef = D39484811A7F6981006E84FD /* NSMutableArray_Shiffle.swift */; };
		D3A1EFCD1A7F56440032C16A /* RssParser.swift in Sources */ = {isa = PBXBuildFile; fileRef = D3A1EFCC1A7F56440032C16A /* RssParser.swift */; };
		D3AAB3F81A8338EA00EA1439 /* Preference.swift in Sources */ = {isa = PBXBuildFile; fileRef = D3AAB3F71A8338EA00EA1439 /* Preference.swift */; };
		D3AAB3FA1A8348FC00EA1439 /* NSScreen_Orientation.swift in Sources */ = {isa = PBXBuildFile; fileRef = D3AAB3F91A8348FC00EA1439 /* NSScreen_Orientation.swift */; };
		D3E62F601A7DF30E00A40EBA /* AppDelegate.swift in Sources */ = {isa = PBXBuildFile; fileRef = D3E62F5F1A7DF30E00A40EBA /* AppDelegate.swift */; };
		D3E62F621A7DF30E00A40EBA /* Images.xcassets in Resources */ = {isa = PBXBuildFile; fileRef = D3E62F611A7DF30E00A40EBA /* Images.xcassets */; };
		D3E62F651A7DF30E00A40EBA /* MainMenu.xib in Resources */ = {isa = PBXBuildFile; fileRef = D3E62F631A7DF30E00A40EBA /* MainMenu.xib */; };
		D3E62F711A7DF30E00A40EBA /* RSS_Wallpaper_SwitchrTests.swift in Sources */ = {isa = PBXBuildFile; fileRef = D3E62F701A7DF30E00A40EBA /* RSS_Wallpaper_SwitchrTests.swift */; };
/* End PBXBuildFile section */

/* Begin PBXContainerItemProxy section */
		D3E62F6B1A7DF30E00A40EBA /* PBXContainerItemProxy */ = {
			isa = PBXContainerItemProxy;
			containerPortal = D3E62F521A7DF30E00A40EBA /* Project object */;
			proxyType = 1;
			remoteGlobalIDString = D3E62F591A7DF30E00A40EBA;
			remoteInfo = "RSS Wallpaper Switchr";
		};
/* End PBXContainerItemProxy section */

/* Begin PBXFileReference section */
		D320FE721A7E703B00C5E7D1 /* OptionsWindowController.swift */ = {isa = PBXFileReference; fileEncoding = 4; lastKnownFileType = sourcecode.swift; path = OptionsWindowController.swift; sourceTree = "<group>"; };
		D320FE731A7E703B00C5E7D1 /* OptionsWindowController.xib */ = {isa = PBXFileReference; fileEncoding = 4; lastKnownFileType = file.xib; path = OptionsWindowController.xib; sourceTree = "<group>"; };
		D334C6C31A80F4E600726130 /* PhotoOperations.swift */ = {isa = PBXFileReference; fileEncoding = 4; lastKnownFileType = sourcecode.swift; path = PhotoOperations.swift; sourceTree = "<group>"; };
		D334C6C51A811E6300726130 /* NSImage_saveAsJpegWithName.swift */ = {isa = PBXFileReference; fileEncoding = 4; lastKnownFileType = sourcecode.swift; path = NSImage_saveAsJpegWithName.swift; sourceTree = "<group>"; };
		D33626D61A7FB56900DAA51C /* Swift-MD5.swift */ = {isa = PBXFileReference; fileEncoding = 4; lastKnownFileType = sourcecode.swift; path = "Swift-MD5.swift"; sourceTree = "<group>"; };
		D33626D81A7FB60500DAA51C /* RSS Wallpaper Switchr-Bridging-Header.h */ = {isa = PBXFileReference; lastKnownFileType = sourcecode.c.h; path = "RSS Wallpaper Switchr-Bridging-Header.h"; sourceTree = "<group>"; };
		D369F0991A84E21F00FC00FE /* debug.swift */ = {isa = PBXFileReference; fileEncoding = 4; lastKnownFileType = sourcecode.swift; path = debug.swift; sourceTree = "<group>"; };
		D39484811A7F6981006E84FD /* NSMutableArray_Shiffle.swift */ = {isa = PBXFileReference; fileEncoding = 4; lastKnownFileType = sourcecode.swift; path = NSMutableArray_Shiffle.swift; sourceTree = "<group>"; };
		D3A1EFCC1A7F56440032C16A /* RssParser.swift */ = {isa = PBXFileReference; fileEncoding = 4; lastKnownFileType = sourcecode.swift; path = RssParser.swift; sourceTree = "<group>"; };
		D3AAB3F71A8338EA00EA1439 /* Preference.swift */ = {isa = PBXFileReference; fileEncoding = 4; lastKnownFileType = sourcecode.swift; path = Preference.swift; sourceTree = "<group>"; };
		D3AAB3F91A8348FC00EA1439 /* NSScreen_Orientation.swift */ = {isa = PBXFileReference; fileEncoding = 4; lastKnownFileType = sourcecode.swift; path = NSScreen_Orientation.swift; sourceTree = "<group>"; };
		D3E62F5A1A7DF30E00A40EBA /* RSS Wallpaper Switchr.app */ = {isa = PBXFileReference; explicitFileType = wrapper.application; includeInIndex = 0; path = "RSS Wallpaper Switchr.app"; sourceTree = BUILT_PRODUCTS_DIR; };
		D3E62F5E1A7DF30E00A40EBA /* Info.plist */ = {isa = PBXFileReference; lastKnownFileType = text.plist.xml; path = Info.plist; sourceTree = "<group>"; };
		D3E62F5F1A7DF30E00A40EBA /* AppDelegate.swift */ = {isa = PBXFileReference; lastKnownFileType = sourcecode.swift; path = AppDelegate.swift; sourceTree = "<group>"; };
		D3E62F611A7DF30E00A40EBA /* Images.xcassets */ = {isa = PBXFileReference; lastKnownFileType = folder.assetcatalog; path = Images.xcassets; sourceTree = "<group>"; };
		D3E62F641A7DF30E00A40EBA /* Base */ = {isa = PBXFileReference; lastKnownFileType = file.xib; name = Base; path = Base.lproj/MainMenu.xib; sourceTree = "<group>"; };
		D3E62F6A1A7DF30E00A40EBA /* RSS Wallpaper SwitchrTests.xctest */ = {isa = PBXFileReference; explicitFileType = wrapper.cfbundle; includeInIndex = 0; path = "RSS Wallpaper SwitchrTests.xctest"; sourceTree = BUILT_PRODUCTS_DIR; };
		D3E62F6F1A7DF30E00A40EBA /* Info.plist */ = {isa = PBXFileReference; lastKnownFileType = text.plist.xml; path = Info.plist; sourceTree = "<group>"; };
		D3E62F701A7DF30E00A40EBA /* RSS_Wallpaper_SwitchrTests.swift */ = {isa = PBXFileReference; lastKnownFileType = sourcecode.swift; path = RSS_Wallpaper_SwitchrTests.swift; sourceTree = "<group>"; };
/* End PBXFileReference section */

/* Begin PBXFrameworksBuildPhase section */
		D3E62F571A7DF30E00A40EBA /* Frameworks */ = {
			isa = PBXFrameworksBuildPhase;
			buildActionMask = 2147483647;
			files = (
			);
			runOnlyForDeploymentPostprocessing = 0;
		};
		D3E62F671A7DF30E00A40EBA /* Frameworks */ = {
			isa = PBXFrameworksBuildPhase;
			buildActionMask = 2147483647;
			files = (
			);
			runOnlyForDeploymentPostprocessing = 0;
		};
/* End PBXFrameworksBuildPhase section */

/* Begin PBXGroup section */
		D3E62F511A7DF30E00A40EBA = {
			isa = PBXGroup;
			children = (
				D3E62F5C1A7DF30E00A40EBA /* RSS Wallpaper Switchr */,
				D3E62F6D1A7DF30E00A40EBA /* RSS Wallpaper SwitchrTests */,
				D3E62F5B1A7DF30E00A40EBA /* Products */,
			);
			sourceTree = "<group>";
		};
		D3E62F5B1A7DF30E00A40EBA /* Products */ = {
			isa = PBXGroup;
			children = (
				D3E62F5A1A7DF30E00A40EBA /* RSS Wallpaper Switchr.app */,
				D3E62F6A1A7DF30E00A40EBA /* RSS Wallpaper SwitchrTests.xctest */,
			);
			name = Products;
			sourceTree = "<group>";
		};
		D3E62F5C1A7DF30E00A40EBA /* RSS Wallpaper Switchr */ = {
			isa = PBXGroup;
			children = (
				D3E62F5F1A7DF30E00A40EBA /* AppDelegate.swift */,
				D369F0991A84E21F00FC00FE /* debug.swift */,
				D3AAB3F91A8348FC00EA1439 /* NSScreen_Orientation.swift */,
				D3AAB3F71A8338EA00EA1439 /* Preference.swift */,
				D334C6C51A811E6300726130 /* NSImage_saveAsJpegWithName.swift */,
				D334C6C31A80F4E600726130 /* PhotoOperations.swift */,
				D33626D61A7FB56900DAA51C /* Swift-MD5.swift */,
				D3E62F611A7DF30E00A40EBA /* Images.xcassets */,
				D3E62F631A7DF30E00A40EBA /* MainMenu.xib */,
				D3A1EFCC1A7F56440032C16A /* RssParser.swift */,
				D39484811A7F6981006E84FD /* NSMutableArray_Shiffle.swift */,
				D3E62F5D1A7DF30E00A40EBA /* Supporting Files */,
				D320FE721A7E703B00C5E7D1 /* OptionsWindowController.swift */,
				D320FE731A7E703B00C5E7D1 /* OptionsWindowController.xib */,
				D33626D81A7FB60500DAA51C /* RSS Wallpaper Switchr-Bridging-Header.h */,
			);
			path = "RSS Wallpaper Switchr";
			sourceTree = "<group>";
		};
		D3E62F5D1A7DF30E00A40EBA /* Supporting Files */ = {
			isa = PBXGroup;
			children = (
				D3E62F5E1A7DF30E00A40EBA /* Info.plist */,
			);
			name = "Supporting Files";
			sourceTree = "<group>";
		};
		D3E62F6D1A7DF30E00A40EBA /* RSS Wallpaper SwitchrTests */ = {
			isa = PBXGroup;
			children = (
				D3E62F701A7DF30E00A40EBA /* RSS_Wallpaper_SwitchrTests.swift */,
				D3E62F6E1A7DF30E00A40EBA /* Supporting Files */,
			);
			path = "RSS Wallpaper SwitchrTests";
			sourceTree = "<group>";
		};
		D3E62F6E1A7DF30E00A40EBA /* Supporting Files */ = {
			isa = PBXGroup;
			children = (
				D3E62F6F1A7DF30E00A40EBA /* Info.plist */,
			);
			name = "Supporting Files";
			sourceTree = "<group>";
		};
/* End PBXGroup section */

/* Begin PBXNativeTarget section */
		D3E62F591A7DF30E00A40EBA /* RSS Wallpaper Switchr */ = {
			isa = PBXNativeTarget;
			buildConfigurationList = D3E62F741A7DF30E00A40EBA /* Build configuration list for PBXNativeTarget "RSS Wallpaper Switchr" */;
			buildPhases = (
				D3E62F561A7DF30E00A40EBA /* Sources */,
				D3E62F571A7DF30E00A40EBA /* Frameworks */,
				D3E62F581A7DF30E00A40EBA /* Resources */,
			);
			buildRules = (
			);
			dependencies = (
			);
			name = "RSS Wallpaper Switchr";
			productName = "RSS Wallpaper Switchr";
			productReference = D3E62F5A1A7DF30E00A40EBA /* RSS Wallpaper Switchr.app */;
			productType = "com.apple.product-type.application";
		};
		D3E62F691A7DF30E00A40EBA /* RSS Wallpaper SwitchrTests */ = {
			isa = PBXNativeTarget;
			buildConfigurationList = D3E62F771A7DF30E00A40EBA /* Build configuration list for PBXNativeTarget "RSS Wallpaper SwitchrTests" */;
			buildPhases = (
				D3E62F661A7DF30E00A40EBA /* Sources */,
				D3E62F671A7DF30E00A40EBA /* Frameworks */,
				D3E62F681A7DF30E00A40EBA /* Resources */,
			);
			buildRules = (
			);
			dependencies = (
				D3E62F6C1A7DF30E00A40EBA /* PBXTargetDependency */,
			);
			name = "RSS Wallpaper SwitchrTests";
			productName = "RSS Wallpaper SwitchrTests";
			productReference = D3E62F6A1A7DF30E00A40EBA /* RSS Wallpaper SwitchrTests.xctest */;
			productType = "com.apple.product-type.bundle.unit-test";
		};
/* End PBXNativeTarget section */

/* Begin PBXProject section */
		D3E62F521A7DF30E00A40EBA /* Project object */ = {
			isa = PBXProject;
			attributes = {
				LastUpgradeCheck = 0610;
				ORGANIZATIONNAME = "I-Ta Tsai";
				TargetAttributes = {
					D3E62F591A7DF30E00A40EBA = {
						CreatedOnToolsVersion = 6.1.1;
					};
					D3E62F691A7DF30E00A40EBA = {
						CreatedOnToolsVersion = 6.1.1;
						TestTargetID = D3E62F591A7DF30E00A40EBA;
					};
				};
			};
			buildConfigurationList = D3E62F551A7DF30E00A40EBA /* Build configuration list for PBXProject "RSS Wallpaper Switchr" */;
			compatibilityVersion = "Xcode 3.2";
			developmentRegion = English;
			hasScannedForEncodings = 0;
			knownRegions = (
				en,
				Base,
			);
			mainGroup = D3E62F511A7DF30E00A40EBA;
			productRefGroup = D3E62F5B1A7DF30E00A40EBA /* Products */;
			projectDirPath = "";
			projectRoot = "";
			targets = (
				D3E62F591A7DF30E00A40EBA /* RSS Wallpaper Switchr */,
				D3E62F691A7DF30E00A40EBA /* RSS Wallpaper SwitchrTests */,
			);
		};
/* End PBXProject section */

/* Begin PBXResourcesBuildPhase section */
		D3E62F581A7DF30E00A40EBA /* Resources */ = {
			isa = PBXResourcesBuildPhase;
			buildActionMask = 2147483647;
			files = (
				D320FE751A7E703B00C5E7D1 /* OptionsWindowController.xib in Resources */,
				D3E62F621A7DF30E00A40EBA /* Images.xcassets in Resources */,
				D3E62F651A7DF30E00A40EBA /* MainMenu.xib in Resources */,
			);
			runOnlyForDeploymentPostprocessing = 0;
		};
		D3E62F681A7DF30E00A40EBA /* Resources */ = {
			isa = PBXResourcesBuildPhase;
			buildActionMask = 2147483647;
			files = (
			);
			runOnlyForDeploymentPostprocessing = 0;
		};
/* End PBXResourcesBuildPhase section */

/* Begin PBXSourcesBuildPhase section */
		D3E62F561A7DF30E00A40EBA /* Sources */ = {
			isa = PBXSourcesBuildPhase;
			buildActionMask = 2147483647;
			files = (
				D39484821A7F6981006E84FD /* NSMutableArray_Shiffle.swift in Sources */,
				D320FE741A7E703B00C5E7D1 /* OptionsWindowController.swift in Sources */,
				D3AAB3F81A8338EA00EA1439 /* Preference.swift in Sources */,
				D334C6C41A80F4E600726130 /* PhotoOperations.swift in Sources */,
				D3E62F601A7DF30E00A40EBA /* AppDelegate.swift in Sources */,
				D369F09A1A84E21F00FC00FE /* debug.swift in Sources */,
				D3A1EFCD1A7F56440032C16A /* RssParser.swift in Sources */,
				D33626D71A7FB56900DAA51C /* Swift-MD5.swift in Sources */,
				D3AAB3FA1A8348FC00EA1439 /* NSScreen_Orientation.swift in Sources */,
				D334C6C61A811E6300726130 /* NSImage_saveAsJpegWithName.swift in Sources */,
			);
			runOnlyForDeploymentPostprocessing = 0;
		};
		D3E62F661A7DF30E00A40EBA /* Sources */ = {
			isa = PBXSourcesBuildPhase;
			buildActionMask = 2147483647;
			files = (
				D3E62F711A7DF30E00A40EBA /* RSS_Wallpaper_SwitchrTests.swift in Sources */,
			);
			runOnlyForDeploymentPostprocessing = 0;
		};
/* End PBXSourcesBuildPhase section */

/* Begin PBXTargetDependency section */
		D3E62F6C1A7DF30E00A40EBA /* PBXTargetDependency */ = {
			isa = PBXTargetDependency;
			target = D3E62F591A7DF30E00A40EBA /* RSS Wallpaper Switchr */;
			targetProxy = D3E62F6B1A7DF30E00A40EBA /* PBXContainerItemProxy */;
		};
/* End PBXTargetDependency section */

/* Begin PBXVariantGroup section */
		D3E62F631A7DF30E00A40EBA /* MainMenu.xib */ = {
			isa = PBXVariantGroup;
			children = (
				D3E62F641A7DF30E00A40EBA /* Base */,
			);
			name = MainMenu.xib;
			sourceTree = "<group>";
		};
/* End PBXVariantGroup section */

/* Begin XCBuildConfiguration section */
		D3E62F721A7DF30E00A40EBA /* Debug */ = {
			isa = XCBuildConfiguration;
			buildSettings = {
				ALWAYS_SEARCH_USER_PATHS = NO;
				CLANG_CXX_LANGUAGE_STANDARD = "gnu++0x";
				CLANG_CXX_LIBRARY = "libc++";
				CLANG_ENABLE_MODULES = YES;
				CLANG_ENABLE_OBJC_ARC = YES;
				CLANG_WARN_BOOL_CONVERSION = YES;
				CLANG_WARN_CONSTANT_CONVERSION = YES;
				CLANG_WARN_DIRECT_OBJC_ISA_USAGE = YES_ERROR;
				CLANG_WARN_EMPTY_BODY = YES;
				CLANG_WARN_ENUM_CONVERSION = YES;
				CLANG_WARN_INT_CONVERSION = YES;
				CLANG_WARN_OBJC_ROOT_CLASS = YES_ERROR;
				CLANG_WARN_UNREACHABLE_CODE = YES;
				CLANG_WARN__DUPLICATE_METHOD_MATCH = YES;
				CODE_SIGN_IDENTITY = "-";
				COPY_PHASE_STRIP = NO;
				ENABLE_STRICT_OBJC_MSGSEND = YES;
				GCC_C_LANGUAGE_STANDARD = gnu99;
				GCC_DYNAMIC_NO_PIC = NO;
				GCC_OPTIMIZATION_LEVEL = 0;
				GCC_PREPROCESSOR_DEFINITIONS = (
					"DEBUG=1",
					"$(inherited)",
				);
				GCC_SYMBOLS_PRIVATE_EXTERN = NO;
				GCC_WARN_64_TO_32_BIT_CONVERSION = YES;
				GCC_WARN_ABOUT_RETURN_TYPE = YES_ERROR;
				GCC_WARN_UNDECLARED_SELECTOR = YES;
				GCC_WARN_UNINITIALIZED_AUTOS = YES_AGGRESSIVE;
				GCC_WARN_UNUSED_FUNCTION = YES;
				GCC_WARN_UNUSED_VARIABLE = YES;
				MACOSX_DEPLOYMENT_TARGET = 10.10;
				MTL_ENABLE_DEBUG_INFO = YES;
				ONLY_ACTIVE_ARCH = YES;
				SDKROOT = macosx;
				SWIFT_OPTIMIZATION_LEVEL = "-Onone";
			};
			name = Debug;
		};
		D3E62F731A7DF30E00A40EBA /* Release */ = {
			isa = XCBuildConfiguration;
			buildSettings = {
				ALWAYS_SEARCH_USER_PATHS = NO;
				CLANG_CXX_LANGUAGE_STANDARD = "gnu++0x";
				CLANG_CXX_LIBRARY = "libc++";
				CLANG_ENABLE_MODULES = YES;
				CLANG_ENABLE_OBJC_ARC = YES;
				CLANG_WARN_BOOL_CONVERSION = YES;
				CLANG_WARN_CONSTANT_CONVERSION = YES;
				CLANG_WARN_DIRECT_OBJC_ISA_USAGE = YES_ERROR;
				CLANG_WARN_EMPTY_BODY = YES;
				CLANG_WARN_ENUM_CONVERSION = YES;
				CLANG_WARN_INT_CONVERSION = YES;
				CLANG_WARN_OBJC_ROOT_CLASS = YES_ERROR;
				CLANG_WARN_UNREACHABLE_CODE = YES;
				CLANG_WARN__DUPLICATE_METHOD_MATCH = YES;
				CODE_SIGN_IDENTITY = "-";
				COPY_PHASE_STRIP = YES;
				DEBUG_INFORMATION_FORMAT = "dwarf-with-dsym";
				ENABLE_NS_ASSERTIONS = NO;
				ENABLE_STRICT_OBJC_MSGSEND = YES;
				GCC_C_LANGUAGE_STANDARD = gnu99;
				GCC_WARN_64_TO_32_BIT_CONVERSION = YES;
				GCC_WARN_ABOUT_RETURN_TYPE = YES_ERROR;
				GCC_WARN_UNDECLARED_SELECTOR = YES;
				GCC_WARN_UNINITIALIZED_AUTOS = YES_AGGRESSIVE;
				GCC_WARN_UNUSED_FUNCTION = YES;
				GCC_WARN_UNUSED_VARIABLE = YES;
				MACOSX_DEPLOYMENT_TARGET = 10.10;
				MTL_ENABLE_DEBUG_INFO = NO;
				SDKROOT = macosx;
			};
			name = Release;
		};
		D3E62F751A7DF30E00A40EBA /* Debug */ = {
			isa = XCBuildConfiguration;
			buildSettings = {
				ASSETCATALOG_COMPILER_APPICON_NAME = AppIcon;
				CLANG_ENABLE_MODULES = YES;
				COMBINE_HIDPI_IMAGES = YES;
				INFOPLIST_FILE = "RSS Wallpaper Switchr/Info.plist";
				LD_RUNPATH_SEARCH_PATHS = "$(inherited) @executable_path/../Frameworks";
				OTHER_SWIFT_FLAGS = "-DDEBUG";
				PRODUCT_NAME = "$(TARGET_NAME)";
				SWIFT_OBJC_BRIDGING_HEADER = "RSS Wallpaper Switchr/RSS Wallpaper Switchr-Bridging-Header.h";
				SWIFT_OPTIMIZATION_LEVEL = "-Onone";
			};
			name = Debug;
		};
		D3E62F761A7DF30E00A40EBA /* Release */ = {
			isa = XCBuildConfiguration;
			buildSettings = {
				ASSETCATALOG_COMPILER_APPICON_NAME = AppIcon;
				CLANG_ENABLE_MODULES = YES;
				COMBINE_HIDPI_IMAGES = YES;
				INFOPLIST_FILE = "RSS Wallpaper Switchr/Info.plist";
				LD_RUNPATH_SEARCH_PATHS = "$(inherited) @executable_path/../Frameworks";
				OTHER_SWIFT_FLAGS = "-DRELEASE";
				PRODUCT_NAME = "$(TARGET_NAME)";
				SWIFT_OBJC_BRIDGING_HEADER = "RSS Wallpaper Switchr/RSS Wallpaper Switchr-Bridging-Header.h";
			};
			name = Release;
		};
		D3E62F781A7DF30E00A40EBA /* Debug */ = {
			isa = XCBuildConfiguration;
			buildSettings = {
				BUNDLE_LOADER = "$(TEST_HOST)";
				COMBINE_HIDPI_IMAGES = YES;
				FRAMEWORK_SEARCH_PATHS = (
					"$(DEVELOPER_FRAMEWORKS_DIR)",
					"$(inherited)",
				);
				GCC_PREPROCESSOR_DEFINITIONS = (
					"DEBUG=1",
					"$(inherited)",
				);
				INFOPLIST_FILE = "RSS Wallpaper SwitchrTests/Info.plist";
				LD_RUNPATH_SEARCH_PATHS = "$(inherited) @executable_path/../Frameworks @loader_path/../Frameworks";
				PRODUCT_NAME = "$(TARGET_NAME)";
				TEST_HOST = "$(BUILT_PRODUCTS_DIR)/RSS Wallpaper Switchr.app/Contents/MacOS/RSS Wallpaper Switchr";
			};
			name = Debug;
		};
		D3E62F791A7DF30E00A40EBA /* Release */ = {
			isa = XCBuildConfiguration;
			buildSettings = {
				BUNDLE_LOADER = "$(TEST_HOST)";
				COMBINE_HIDPI_IMAGES = YES;
				FRAMEWORK_SEARCH_PATHS = (
					"$(DEVELOPER_FRAMEWORKS_DIR)",
					"$(inherited)",
				);
				INFOPLIST_FILE = "RSS Wallpaper SwitchrTests/Info.plist";
				LD_RUNPATH_SEARCH_PATHS = "$(inherited) @executable_path/../Frameworks @loader_path/../Frameworks";
				PRODUCT_NAME = "$(TARGET_NAME)";
				TEST_HOST = "$(BUILT_PRODUCTS_DIR)/RSS Wallpaper Switchr.app/Contents/MacOS/RSS Wallpaper Switchr";
			};
			name = Release;
		};
/* End XCBuildConfiguration section */

/* Begin XCConfigurationList section */
		D3E62F551A7DF30E00A40EBA /* Build configuration list for PBXProject "RSS Wallpaper Switchr" */ = {
			isa = XCConfigurationList;
			buildConfigurations = (
				D3E62F721A7DF30E00A40EBA /* Debug */,
				D3E62F731A7DF30E00A40EBA /* Release */,
			);
			defaultConfigurationIsVisible = 0;
			defaultConfigurationName = Release;
		};
		D3E62F741A7DF30E00A40EBA /* Build configuration list for PBXNativeTarget "RSS Wallpaper Switchr" */ = {
			isa = XCConfigurationList;
			buildConfigurations = (
				D3E62F751A7DF30E00A40EBA /* Debug */,
				D3E62F761A7DF30E00A40EBA /* Release */,
			);
			defaultConfigurationIsVisible = 0;
			defaultConfigurationName = Release;
		};
		D3E62F771A7DF30E00A40EBA /* Build configuration list for PBXNativeTarget "RSS Wallpaper SwitchrTests" */ = {
			isa = XCConfigurationList;
			buildConfigurations = (
				D3E62F781A7DF30E00A40EBA /* Debug */,
				D3E62F791A7DF30E00A40EBA /* Release */,
			);
			defaultConfigurationIsVisible = 0;
			defaultConfigurationName = Release;
		};
/* End XCConfigurationList section */
	};
	rootObject = D3E62F521A7DF30E00A40EBA /* Project object */;
}
